
Microsoft Visual Studio Solution File, Format Version 12.00
# Visual Studio Version 16
VisualStudioVersion = 16.0.28714.193
MinimumVisualStudioVersion = 15.0.26124.0
Project("{9A19103F-16F7-4668-BE54-9A1E7A4F7556}") = "PucRio.PSS.DesignPatterns", "src\PucRio.PSS.DesignPatterns.csproj", "{5DDA9939-E61B-418E-8F82-9AA40F99BEAF}"
EndProject
Project("{2150E333-8FDC-42A3-9474-1A3956D46DE8}") = "Metacontent", "Metacontent", "{F0A7503E-4CAD-42FD-BE9C-DFBDF187761F}"
	ProjectSection(SolutionItems) = preProject
		.editorconfig = .editorconfig
		.gitignore = .gitignore
		README.md = README.md
	EndProjectSection
EndProject
Global
	GlobalSection(SolutionConfigurationPlatforms) = preSolution
		Debug|Any CPU = Debug|Any CPU
		Debug|x64 = Debug|x64
		Debug|x86 = Debug|x86
		Release|Any CPU = Release|Any CPU
		Release|x64 = Release|x64
		Release|x86 = Release|x86
	EndGlobalSection
	GlobalSection(ProjectConfigurationPlatforms) = postSolution
		{5DDA9939-E61B-418E-8F82-9AA40F99BEAF}.Debug|Any CPU.ActiveCfg = Debug|Any CPU
		{5DDA9939-E61B-418E-8F82-9AA40F99BEAF}.Debug|Any CPU.Build.0 = Debug|Any CPU
		{5DDA9939-E61B-418E-8F82-9AA40F99BEAF}.Debug|x64.ActiveCfg = Debug|Any CPU
		{5DDA9939-E61B-418E-8F82-9AA40F99BEAF}.Debug|x64.Build.0 = Debug|Any CPU
		{5DDA9939-E61B-418E-8F82-9AA40F99BEAF}.Debug|x86.ActiveCfg = Debug|Any CPU
		{5DDA9939-E61B-418E-8F82-9AA40F99BEAF}.Debug|x86.Build.0 = Debug|Any CPU
		{5DDA9939-E61B-418E-8F82-9AA40F99BEAF}.Release|Any CPU.ActiveCfg = Release|Any CPU
		{5DDA9939-E61B-418E-8F82-9AA40F99BEAF}.Release|Any CPU.Build.0 = Release|Any CPU
		{5DDA9939-E61B-418E-8F82-9AA40F99BEAF}.Release|x64.ActiveCfg = Release|Any CPU
		{5DDA9939-E61B-418E-8F82-9AA40F99BEAF}.Release|x64.Build.0 = Release|Any CPU
		{5DDA9939-E61B-418E-8F82-9AA40F99BEAF}.Release|x86.ActiveCfg = Release|Any CPU
		{5DDA9939-E61B-418E-8F82-9AA40F99BEAF}.Release|x86.Build.0 = Release|Any CPU
	EndGlobalSection
	GlobalSection(SolutionProperties) = preSolution
		HideSolutionNode = FALSE
	EndGlobalSection
	GlobalSection(ExtensibilityGlobals) = postSolution
		SolutionGuid = {1937FA7B-A6AA-4ADE-9442-D0C98DB796B4}
	EndGlobalSection
EndGlobal
